
Microsoft Visual Studio Solution File, Format Version 12.00
# Visual Studio Version 17
VisualStudioVersion = 17.10.35013.160
MinimumVisualStudioVersion = 10.0.40219.1
Project("{FAE04EC0-301F-11D3-BF4B-00C04F79EFBC}") = "RetoPracticoUno", "RetoPracticoUno\RetoPracticoUno.csproj", "{BDC684FE-0026-46EB-9328-9EDDA3FD7337}"
EndProject
Project("{FAE04EC0-301F-11D3-BF4B-00C04F79EFBC}") = "RetoPracticoUno.domain", "RetoPracticoUno.domain\RetoPracticoUno.domain.csproj", "{D4FFA63A-718F-41AB-9565-C767DED40826}"
EndProject
Project("{FAE04EC0-301F-11D3-BF4B-00C04F79EFBC}") = "RetoPracticoUno.Application", "RetoPracticoUno.Application\RetoPracticoUno.Application.csproj", "{8CB2E023-29B0-44F0-A678-2C4BE90B16FE}"
	ProjectSection(ProjectDependencies) = postProject
		{D4FFA63A-718F-41AB-9565-C767DED40826} = {D4FFA63A-718F-41AB-9565-C767DED40826}
	EndProjectSection
EndProject
Project("{FAE04EC0-301F-11D3-BF4B-00C04F79EFBC}") = "RetoPracticoUno.Infraestructure", "RetoPracticoUno.Infraestructure\RetoPracticoUno.Infraestructure.csproj", "{70E2ACCE-D4BC-41F3-B486-CEDFC93FF4BE}"
EndProject
Global
	GlobalSection(SolutionConfigurationPlatforms) = preSolution
		Debug|Any CPU = Debug|Any CPU
		Release|Any CPU = Release|Any CPU
	EndGlobalSection
	GlobalSection(ProjectConfigurationPlatforms) = postSolution
		{BDC684FE-0026-46EB-9328-9EDDA3FD7337}.Debug|Any CPU.ActiveCfg = Debug|Any CPU
		{BDC684FE-0026-46EB-9328-9EDDA3FD7337}.Debug|Any CPU.Build.0 = Debug|Any CPU
		{BDC684FE-0026-46EB-9328-9EDDA3FD7337}.Release|Any CPU.ActiveCfg = Release|Any CPU
		{BDC684FE-0026-46EB-9328-9EDDA3FD7337}.Release|Any CPU.Build.0 = Release|Any CPU
		{D4FFA63A-718F-41AB-9565-C767DED40826}.Debug|Any CPU.ActiveCfg = Debug|Any CPU
		{D4FFA63A-718F-41AB-9565-C767DED40826}.Debug|Any CPU.Build.0 = Debug|Any CPU
		{D4FFA63A-718F-41AB-9565-C767DED40826}.Release|Any CPU.ActiveCfg = Release|Any CPU
		{D4FFA63A-718F-41AB-9565-C767DED40826}.Release|Any CPU.Build.0 = Release|Any CPU
		{8CB2E023-29B0-44F0-A678-2C4BE90B16FE}.Debug|Any CPU.ActiveCfg = Debug|Any CPU
		{8CB2E023-29B0-44F0-A678-2C4BE90B16FE}.Debug|Any CPU.Build.0 = Debug|Any CPU
		{8CB2E023-29B0-44F0-A678-2C4BE90B16FE}.Release|Any CPU.ActiveCfg = Release|Any CPU
		{8CB2E023-29B0-44F0-A678-2C4BE90B16FE}.Release|Any CPU.Build.0 = Release|Any CPU
		{70E2ACCE-D4BC-41F3-B486-CEDFC93FF4BE}.Debug|Any CPU.ActiveCfg = Debug|Any CPU
		{70E2ACCE-D4BC-41F3-B486-CEDFC93FF4BE}.Debug|Any CPU.Build.0 = Debug|Any CPU
		{70E2ACCE-D4BC-41F3-B486-CEDFC93FF4BE}.Release|Any CPU.ActiveCfg = Release|Any CPU
		{70E2ACCE-D4BC-41F3-B486-CEDFC93FF4BE}.Release|Any CPU.Build.0 = Release|Any CPU
	EndGlobalSection
	GlobalSection(SolutionProperties) = preSolution
		HideSolutionNode = FALSE
	EndGlobalSection
	GlobalSection(ExtensibilityGlobals) = postSolution
		SolutionGuid = {3069B468-4420-4A4D-B6C2-D6ABFC70E497}
	EndGlobalSection
EndGlobal
